<?xml version="1.0" encoding="UTF-8" standalone="yes" ?>
<CodeBlocks_project_file>
	<FileVersion major="1" minor="6" />
	<Project>
		<Option title="Billiards" />
		<Option pch_mode="2" />
		<Option compiler="gcc" />
		<Build>
			<Target title="Debug">
				<Option output="bin/Debug/3D_Cube" prefix_auto="1" extension_auto="1" />
				<Option object_output="obj/Debug/" />
				<Option type="1" />
				<Option compiler="gcc" />
				<Compiler>
					<Add option="-g" />
					<Add directory="include" />
				</Compiler>
				<Linker>
					<Add library="freeglut" />
					<Add library="glu32" />
					<Add library="openGL32" />
					<Add directory="lib" />
				</Linker>
			</Target>
			<Target title="Release">
				<Option output="bin/Release/3D_Cube" prefix_auto="1" extension_auto="1" />
				<Option object_output="obj/Release/" />
				<Option type="1" />
				<Option compiler="gcc" />
				<Compiler>
					<Add option="-O2" />
				</Compiler>
				<Linker>
					<Add option="-s" />
				</Linker>
			</Target>
		</Build>
		<Compiler>
			<Add option="-Wall" />
		</Compiler>
		<Unit filename="GameObject.c">
			<Option compilerVar="CC" />
		</Unit>
		<Unit filename="GameObject.h" />
		<Unit filename="HitBox.c">
			<Option compilerVar="CC" />
		</Unit>
		<Unit filename="HitBox.h" />
		<Unit filename="Initializer.c">
			<Option compilerVar="CC" />
		</Unit>
		<Unit filename="Initializer.h" />
		<Unit filename="ObjectFileLib.c">
			<Option compilerVar="CC" />
		</Unit>
		<Unit filename="ObjectFileLib.h" />
		<Unit filename="VectorMath.c">
			<Option compilerVar="CC" />
		</Unit>
		<Unit filename="VectorMath.h" />
		<Unit filename="main.c">
			<Option compilerVar="CC" />
		</Unit>
		<Extensions>
			<lib_finder disable_auto="1" />
			<code_completion />
			<envvars />
			<debugger />
		</Extensions>
	</Project>
</CodeBlocks_project_file>
